<Solution>
  <Folder Name="/Solution Items/">
    <File Path=".editorconfig" />
    <File Path="Directory.Build.props" />
    <File Path="Directory.Packages.props" />
  </Folder>
  <Folder Name="/Src/">
    <Project Path="DevHabit.Api/DevHabit.Api.csproj" Id="1e07943c-2c70-481c-9b25-3192ad8315e1" />
  </Folder>
  <Project Path="docker-compose.dcproj">
    <Build />
  </Project>
</Solution>
